<?xml version="1.0" encoding="utf-8"?>
<Project xmlns="http://schemas.microsoft.com/developer/msbuild/2003">
  <PropertyGroup>
    <ProjectGuid>{e8f2416f-36f0-4431-9dac-a546113c084a}</ProjectGuid>
    <MainSource>FrameDem.dpr</MainSource>
    <Configuration Condition=" '$(Configuration)' == '' ">Debug</Configuration>
    <Platform Condition=" '$(Platform)' == '' ">AnyCPU</Platform>
    <DCC_DCCCompiler>DCC32</DCC_DCCCompiler>
    <DCC_DependencyCheckOutputName>C:\Users\Bernd\Documents\RAD Studio\5.0\AnyCPU\Bin\FrameDem.exe</DCC_DependencyCheckOutputName>
  </PropertyGroup>
  <PropertyGroup Condition=" '$(Configuration)|$(Platform)' == 'Release|AnyCPU' ">
    <Version>7.0</Version>
    <DCC_WriteableConstants>True</DCC_WriteableConstants>
    <DCC_SymbolReferenceInfo>0</DCC_SymbolReferenceInfo>
    <DCC_MapFile>3</DCC_MapFile>
    <DCC_DcuOutput>$(BDSUSERDIR)\$(PLATFORM)\Dcu\$(MSBuildProjectName)</DCC_DcuOutput>
    <DCC_ObjOutput>$(BDSUSERDIR)\$(PLATFORM)\Dcu\$(MSBuildProjectName)</DCC_ObjOutput>
    <DCC_HppOutput>$(BDSUSERDIR)\$(PLATFORM)\Dcu\$(MSBuildProjectName)</DCC_HppOutput>
    <DCC_BplOutput>$(BDSCOMMONDIR)\Bpl</DCC_BplOutput>
    <DCC_DcpOutput>$(BDSCOMMONDIR)\Dcp</DCC_DcpOutput>
    <DCC_UnitSearchPath>$(DELPHI)\Lib\Debug</DCC_UnitSearchPath>
    <DCC_ResourcePath>$(DELPHI)\Lib\Debug</DCC_ResourcePath>
    <DCC_ObjPath>$(DELPHI)\Lib\Debug</DCC_ObjPath>
    <DCC_IncludePath>$(DELPHI)\Lib\Debug</DCC_IncludePath>
    <DCC_Define>RELEASE</DCC_Define>
    <DCC_Description>Fast Function Factory - Components</DCC_Description>
    <DCC_AssertionsAtRuntime>False</DCC_AssertionsAtRuntime>
    <DCC_ExeOutput>$(BDSUSERDIR)\$(PLATFORM)\BIn</DCC_ExeOutput>
  </PropertyGroup>
  <PropertyGroup Condition=" '$(Configuration)|$(Platform)' == 'Debug|AnyCPU' ">
    <Version>7.0</Version>
    <DCC_WriteableConstants>True</DCC_WriteableConstants>
    <DCC_Optimize>False</DCC_Optimize>
    <DCC_IntegerOverflowCheck>True</DCC_IntegerOverflowCheck>
    <DCC_RangeChecking>True</DCC_RangeChecking>
    <DCC_SymbolReferenceInfo>0</DCC_SymbolReferenceInfo>
    <DCC_MapFile>3</DCC_MapFile>
    <DCC_DcuOutput>$(BDSUSERDIR)\$(PLATFORM)\Dcu\$(MSBuildProjectName)</DCC_DcuOutput>
    <DCC_ObjOutput>$(BDSUSERDIR)\$(PLATFORM)\Dcu\$(MSBuildProjectName)</DCC_ObjOutput>
    <DCC_HppOutput>$(BDSUSERDIR)\$(PLATFORM)\Dcu\$(MSBuildProjectName)</DCC_HppOutput>
    <DCC_UnitSearchPath>$(DELPHI)\Lib\Debug</DCC_UnitSearchPath>
    <DCC_ResourcePath>$(DELPHI)\Lib\Debug</DCC_ResourcePath>
    <DCC_ObjPath>$(DELPHI)\Lib\Debug</DCC_ObjPath>
    <DCC_IncludePath>$(DELPHI)\Lib\Debug</DCC_IncludePath>
    <DCC_Define>DEBUG</DCC_Define>
    <DCC_Description>Fast Function Factory - Components</DCC_Description>
    <DCC_ExeOutput>$(BDSUSERDIR)\$(PLATFORM)\Bin</DCC_ExeOutput>
    <DCC_AssertionsAtRuntime>False</DCC_AssertionsAtRuntime>
  </PropertyGroup>
  <ProjectExtensions>
    <Borland.Personality>Delphi.Personality</Borland.Personality>
    <Borland.ProjectType>VCLApplication</Borland.ProjectType>
    <BorlandProject>
<BorlandProject><Delphi.Personality><Parameters><Parameters Name="DebugSourceDirs">L:\Bin\lib</Parameters><Parameters Name="UseLauncher">False</Parameters><Parameters Name="LoadAllSymbols">True</Parameters><Parameters Name="LoadUnspecifiedSymbols">False</Parameters><Parameters Name="RunParams">"C:\v50\pascal\HtmlViewer\Demos\Compiled Framedemo\demo.htm"</Parameters></Parameters><VersionInfo><VersionInfo Name="IncludeVerInfo">True</VersionInfo><VersionInfo Name="AutoIncBuild">False</VersionInfo><VersionInfo Name="MajorVer">11</VersionInfo><VersionInfo Name="MinorVer">2</VersionInfo><VersionInfo Name="Release">0</VersionInfo><VersionInfo Name="Build">0</VersionInfo><VersionInfo Name="Debug">False</VersionInfo><VersionInfo Name="PreRelease">False</VersionInfo><VersionInfo Name="Special">False</VersionInfo><VersionInfo Name="Private">False</VersionInfo><VersionInfo Name="DLL">False</VersionInfo><VersionInfo Name="Locale">1033</VersionInfo><VersionInfo Name="CodePage">1252</VersionInfo></VersionInfo><VersionInfoKeys><VersionInfoKeys Name="CompanyName">HtmlViewer Team</VersionInfoKeys><VersionInfoKeys Name="FileDescription"></VersionInfoKeys><VersionInfoKeys Name="FileVersion">11.2.0.0</VersionInfoKeys><VersionInfoKeys Name="InternalName"></VersionInfoKeys><VersionInfoKeys Name="LegalCopyright"></VersionInfoKeys><VersionInfoKeys Name="LegalTrademarks"></VersionInfoKeys><VersionInfoKeys Name="OriginalFilename"></VersionInfoKeys><VersionInfoKeys Name="ProductName">FrameViewer Demo</VersionInfoKeys><VersionInfoKeys Name="ProductVersion">11.0.0.0</VersionInfoKeys><VersionInfoKeys Name="Comments">meet us at http://code.google.com/p/thtmlviewer/</VersionInfoKeys></VersionInfoKeys><Source><Source Name="MainSource">FrameDem.dpr</Source></Source><Excluded_Packages>
      <Excluded_Packages Name="C:\Users\Bernd\Documents\RAD Studio\5.0\Bpl\BegaD11D.bpl">Bega - Components @ Design Time</Excluded_Packages>
    </Excluded_Packages></Delphi.Personality><ModelSupport>False</ModelSupport></BorlandProject></BorlandProject>
  </ProjectExtensions>
  <Import Project="$(MSBuildBinPath)\Borland.Delphi.Targets" />
  <ItemGroup>
    <DelphiCompile Include="FrameDem.dpr">
      <MainSource>MainSource</MainSource>
    </DelphiCompile>
    <DCCReference Include="FDemUnit.pas">
      <Form>Form1</Form>
    </DCCReference>
    <DCCReference Include="Fontdlg.pas">
      <Form>FontForm</Form>
    </DCCReference>
    <DCCReference Include="Htmlabt.pas">
      <Form>AboutBox</Form>
    </DCCReference>
    <DCCReference Include="ImgForm.pas">
      <Form>ImageForm</Form>
    </DCCReference>
    <DCCReference Include="SubmitTnt.pas">
      <Form>SubmitFormTnt</Form>
    </DCCReference>
  </ItemGroup>
</Project>