<?xml version="1.0"?>
<CONFIG>
  <ProjectOptions>
    <Version Value="9"/>
    <PathDelim Value="\"/>
    <General>
      <MainUnit Value="0"/>
      <ResourceType Value="res"/>
      <UseXPManifest Value="True"/>
      <ActiveWindowIndexAtStart Value="0"/>
    </General>
    <i18n>
      <EnableI18N LFM="False"/>
    </i18n>
    <VersionInfo>
      <StringTable ProductVersion=""/>
    </VersionInfo>
    <BuildModes Count="1" Active="Default">
      <Item1 Name="Default" Default="True"/>
    </BuildModes>
    <PublishOptions>
      <Version Value="2"/>
      <IncludeFileFilter Value="*.(pas|pp|inc|lfm|lpr|lrs|lpi|lpk|sh|xml)"/>
      <ExcludeFileFilter Value="*.(bak|ppu|o|so);*~;backup"/>
    </PublishOptions>
    <RunParams>
      <local>
        <FormatVersion Value="1"/>
      </local>
    </RunParams>
    <RequiredPackages Count="3">
      <Item1>
        <PackageName Value="Printer4Lazarus"/>
      </Item1>
      <Item2>
        <PackageName Value="FrameViewer09"/>
        <MinVersion Valid="True"/>
      </Item2>
      <Item3>
        <PackageName Value="LCL"/>
      </Item3>
    </RequiredPackages>
    <Units Count="73">
      <Unit0>
        <Filename Value="FrameDemLaz.lpr"/>
        <IsPartOfProject Value="True"/>
        <UnitName Value="FrameDemLaz"/>
        <WindowIndex Value="0"/>
        <TopLine Value="1"/>
        <CursorPos X="1" Y="41"/>
        <UsageCount Value="67"/>
      </Unit0>
      <Unit1>
        <Filename Value="Unit1.pas"/>
        <ComponentName Value="Form1"/>
        <ResourceBaseClass Value="Form"/>
        <UnitName Value="Unit1"/>
        <WindowIndex Value="0"/>
        <TopLine Value="1"/>
        <CursorPos X="45" Y="26"/>
        <UsageCount Value="19"/>
      </Unit1>
      <Unit2>
        <Filename Value="Htmlabt.pas"/>
        <ComponentName Value="AboutBox"/>
        <HasResources Value="True"/>
        <ResourceBaseClass Value="Form"/>
        <UnitName Value="Htmlabt"/>
        <WindowIndex Value="0"/>
        <TopLine Value="21"/>
        <CursorPos X="1" Y="63"/>
        <UsageCount Value="8"/>
      </Unit2>
      <Unit3>
        <Filename Value="Fontdlg.pas"/>
        <ComponentName Value="FontForm"/>
        <HasResources Value="True"/>
        <ResourceBaseClass Value="Form"/>
        <UnitName Value="Fontdlg"/>
        <WindowIndex Value="0"/>
        <TopLine Value="1"/>
        <CursorPos X="1" Y="1"/>
        <UsageCount Value="8"/>
      </Unit3>
      <Unit4>
        <Filename Value="FDemUnit.pas"/>
        <IsPartOfProject Value="True"/>
        <ComponentName Value="Form1"/>
        <HasResources Value="True"/>
        <ResourceBaseClass Value="Form"/>
        <UnitName Value="FDemUnit"/>
        <EditorIndex Value="16"/>
        <WindowIndex Value="0"/>
        <TopLine Value="611"/>
        <CursorPos X="3" Y="644"/>
        <UsageCount Value="66"/>
        <Loaded Value="True"/>
        <LoadedDesigner Value="True"/>
      </Unit4>
      <Unit5>
        <Filename Value="FDemUnit.lfm"/>
        <WindowIndex Value="0"/>
        <TopLine Value="198"/>
        <CursorPos X="57" Y="148"/>
        <UsageCount Value="9"/>
        <DefaultSyntaxHighlighter Value="LFM"/>
      </Unit5>
      <Unit6>
        <Filename Value="..\..\package\FrameViewer09.pas"/>
        <UnitName Value="FrameViewer09"/>
        <WindowIndex Value="0"/>
        <TopLine Value="1"/>
        <CursorPos X="21" Y="15"/>
        <UsageCount Value="11"/>
        <DefaultSyntaxHighlighter Value="Delphi"/>
      </Unit6>
      <Unit7>
        <Filename Value="..\..\source\htmlmisc.pas"/>
        <UnitName Value="HtmlMisc"/>
        <EditorIndex Value="2"/>
        <WindowIndex Value="0"/>
        <TopLine Value="848"/>
        <CursorPos X="1" Y="878"/>
        <UsageCount Value="17"/>
        <Loaded Value="True"/>
      </Unit7>
      <Unit8>
        <Filename Value="..\..\source\HTMLUn2.pas"/>
        <UnitName Value="HTMLUn2"/>
        <EditorIndex Value="9"/>
        <WindowIndex Value="0"/>
        <TopLine Value="3743"/>
        <CursorPos X="7" Y="3782"/>
        <UsageCount Value="30"/>
        <Loaded Value="True"/>
      </Unit8>
      <Unit9>
        <Filename Value="C:\FPC\2.4.2\source\rtl\win\wininc\redef.inc"/>
        <WindowIndex Value="0"/>
        <TopLine Value="578"/>
        <CursorPos X="10" Y="611"/>
        <UsageCount Value="8"/>
      </Unit9>
      <Unit10>
        <Filename Value="..\..\source\HTMLSubs.pas"/>
        <UnitName Value="HTMLSubs"/>
        <EditorIndex Value="6"/>
        <WindowIndex Value="0"/>
        <TopLine Value="1"/>
        <CursorPos X="17" Y="26"/>
        <UsageCount Value="30"/>
        <Loaded Value="True"/>
      </Unit10>
      <Unit11>
        <Filename Value="..\..\source\framview.pas"/>
        <UnitName Value="FramView"/>
        <WindowIndex Value="0"/>
        <TopLine Value="242"/>
        <CursorPos X="14" Y="275"/>
        <UsageCount Value="25"/>
      </Unit11>
      <Unit12>
        <Filename Value="..\..\source\htmlcons.inc"/>
        <EditorIndex Value="7"/>
        <WindowIndex Value="0"/>
        <TopLine Value="1"/>
        <CursorPos X="32" Y="18"/>
        <UsageCount Value="20"/>
        <Loaded Value="True"/>
      </Unit12>
      <Unit13>
        <Filename Value="PreviewForm.pas"/>
        <ComponentName Value="PreviewForm"/>
        <HasResources Value="True"/>
        <ResourceBaseClass Value="Form"/>
        <UnitName Value="PreviewForm"/>
        <WindowIndex Value="0"/>
        <TopLine Value="1"/>
        <CursorPos X="32" Y="19"/>
        <UsageCount Value="11"/>
      </Unit13>
      <Unit14>
        <Filename Value="PrintStatusForm.pas"/>
        <UnitName Value="PrintStatusForm"/>
        <WindowIndex Value="0"/>
        <TopLine Value="33"/>
        <CursorPos X="1" Y="55"/>
        <UsageCount Value="11"/>
      </Unit14>
      <Unit15>
        <Filename Value="..\..\source\DitherUnit.pas"/>
        <UnitName Value="DitherUnit"/>
        <WindowIndex Value="0"/>
        <TopLine Value="566"/>
        <CursorPos X="87" Y="580"/>
        <UsageCount Value="15"/>
      </Unit15>
      <Unit16>
        <Filename Value="..\..\source\HTMLGif2.pas"/>
        <UnitName Value="HTMLGif2"/>
        <EditorIndex Value="0"/>
        <WindowIndex Value="0"/>
        <TopLine Value="534"/>
        <CursorPos X="15" Y="576"/>
        <UsageCount Value="17"/>
        <Loaded Value="True"/>
      </Unit16>
      <Unit17>
        <Filename Value="D:\source\pascal\lazarus\lcl\include\control.inc"/>
        <WindowIndex Value="0"/>
        <TopLine Value="1304"/>
        <CursorPos X="3" Y="1309"/>
        <UsageCount Value="15"/>
      </Unit17>
      <Unit18>
        <Filename Value="FrameDemLaz.rc"/>
        <WindowIndex Value="0"/>
        <TopLine Value="1"/>
        <CursorPos X="28" Y="33"/>
        <UsageCount Value="9"/>
        <DefaultSyntaxHighlighter Value="None"/>
      </Unit18>
      <Unit19>
        <Filename Value="D:\source\pascal\lazarus\lcl\lresources.pp"/>
        <UnitName Value="LResources"/>
        <WindowIndex Value="0"/>
        <TopLine Value="5041"/>
        <CursorPos X="1" Y="5068"/>
        <UsageCount Value="9"/>
      </Unit19>
      <Unit20>
        <Filename Value="D:\source\pascal\lazarus\lcl\graphics.pp"/>
        <UnitName Value="Graphics"/>
        <WindowIndex Value="0"/>
        <TopLine Value="979"/>
        <CursorPos X="14" Y="1150"/>
        <UsageCount Value="12"/>
      </Unit20>
      <Unit21>
        <Filename Value="D:\source\pascal\lazarus\lcl\include\graphic.inc"/>
        <WindowIndex Value="0"/>
        <TopLine Value="222"/>
        <CursorPos X="43" Y="260"/>
        <UsageCount Value="9"/>
      </Unit21>
      <Unit22>
        <Filename Value="..\..\..\..\HtmlViewer\Demos\Main Demos\PreviewForm.pas"/>
        <UnitName Value="PreviewForm"/>
        <WindowIndex Value="0"/>
        <TopLine Value="100"/>
        <CursorPos X="36" Y="137"/>
        <UsageCount Value="9"/>
      </Unit22>
      <Unit23>
        <Filename Value="C:\FPC\2.4.2\source\rtl\win\wininc\ascdef.inc"/>
        <WindowIndex Value="0"/>
        <TopLine Value="268"/>
        <CursorPos X="10" Y="301"/>
        <UsageCount Value="9"/>
      </Unit23>
      <Unit24>
        <Filename Value="D:\source\pascal\lazarus\lcl\printers.pas"/>
        <UnitName Value="Printers"/>
        <WindowIndex Value="0"/>
        <TopLine Value="6"/>
        <CursorPos X="3" Y="39"/>
        <UsageCount Value="10"/>
      </Unit24>
      <Unit25>
        <Filename Value="..\..\source\MetaFilePrinter.pas"/>
        <UnitName Value="MetaFilePrinter"/>
        <WindowIndex Value="0"/>
        <TopLine Value="552"/>
        <CursorPos X="8" Y="588"/>
        <UsageCount Value="14"/>
      </Unit25>
      <Unit26>
        <Filename Value="C:\FPC\2.4.2\source\rtl\win\printer.pp"/>
        <UnitName Value="printer"/>
        <WindowIndex Value="0"/>
        <TopLine Value="1"/>
        <CursorPos X="16" Y="19"/>
        <UsageCount Value="9"/>
      </Unit26>
      <Unit27>
        <Filename Value="C:\FPC\2.4.2\source\rtl\inc\printerh.inc"/>
        <WindowIndex Value="0"/>
        <TopLine Value="1"/>
        <CursorPos X="1" Y="1"/>
        <UsageCount Value="9"/>
      </Unit27>
      <Unit28>
        <Filename Value="..\..\source\htmlview.pas"/>
        <UnitName Value="HtmlView"/>
        <WindowIndex Value="0"/>
        <TopLine Value="31"/>
        <CursorPos X="5" Y="64"/>
        <UsageCount Value="20"/>
      </Unit28>
      <Unit29>
        <Filename Value="PreviewForm.lfm"/>
        <WindowIndex Value="0"/>
        <TopLine Value="631"/>
        <CursorPos X="1" Y="696"/>
        <UsageCount Value="9"/>
        <DefaultSyntaxHighlighter Value="LFM"/>
      </Unit29>
      <Unit30>
        <Filename Value="D:\source\pascal\lazarus\lcl\include\canvas.inc"/>
        <EditorIndex Value="8"/>
        <WindowIndex Value="0"/>
        <TopLine Value="1436"/>
        <CursorPos X="1" Y="1471"/>
        <UsageCount Value="13"/>
        <Loaded Value="True"/>
      </Unit30>
      <Unit31>
        <Filename Value="..\..\source\vwPrint.pas"/>
        <UnitName Value="vwPrint"/>
        <WindowIndex Value="0"/>
        <TopLine Value="181"/>
        <CursorPos X="3" Y="190"/>
        <UsageCount Value="20"/>
      </Unit31>
      <Unit32>
        <Filename Value="C:\FPC\2.4.2\source\rtl\win\wininc\func.inc"/>
        <WindowIndex Value="0"/>
        <TopLine Value="103"/>
        <CursorPos X="10" Y="136"/>
        <UsageCount Value="10"/>
      </Unit32>
      <Unit33>
        <Filename Value="D:\source\pascal\lazarus\lcl\include\controlcanvas.inc"/>
        <WindowIndex Value="0"/>
        <TopLine Value="47"/>
        <CursorPos X="1" Y="80"/>
        <UsageCount Value="10"/>
      </Unit33>
      <Unit34>
        <Filename Value="C:\FPC\2.4.2\source\rtl\objpas\classes\classesh.inc"/>
        <WindowIndex Value="0"/>
        <TopLine Value="119"/>
        <CursorPos X="3" Y="146"/>
        <UsageCount Value="10"/>
      </Unit34>
      <Unit35>
        <Filename Value="C:\FPC\2.4.2\source\rtl\objpas\classes\stringl.inc"/>
        <WindowIndex Value="0"/>
        <TopLine Value="766"/>
        <CursorPos X="3" Y="770"/>
        <UsageCount Value="9"/>
      </Unit35>
      <Unit36>
        <Filename Value="..\..\source\HtmlGlobals.pas"/>
        <UnitName Value="HtmlGlobals"/>
        <IsVisibleTab Value="True"/>
        <EditorIndex Value="14"/>
        <WindowIndex Value="0"/>
        <TopLine Value="548"/>
        <CursorPos X="43" Y="387"/>
        <UsageCount Value="18"/>
        <Loaded Value="True"/>
      </Unit36>
      <Unit37>
        <Filename Value="..\..\..\HtmlViewer.Juha\source\htmlcons.inc"/>
        <WindowIndex Value="0"/>
        <TopLine Value="163"/>
        <CursorPos X="30" Y="207"/>
        <UsageCount Value="9"/>
      </Unit37>
      <Unit38>
        <Filename Value="..\..\source\Htmlsbs1.pas"/>
        <UnitName Value="Htmlsbs1"/>
        <WindowIndex Value="0"/>
        <TopLine Value="562"/>
        <CursorPos X="79" Y="585"/>
        <UsageCount Value="14"/>
        <Bookmarks Count="1">
          <Item0 X="27" Y="495" ID="9"/>
        </Bookmarks>
      </Unit38>
      <Unit39>
        <Filename Value="D:\source\pascal\lazarus\lcl\include\winapih.inc"/>
        <EditorIndex Value="3"/>
        <WindowIndex Value="0"/>
        <TopLine Value="237"/>
        <CursorPos X="10" Y="270"/>
        <UsageCount Value="10"/>
        <Loaded Value="True"/>
      </Unit39>
      <Unit40>
        <Filename Value="SUBMIT.PAS"/>
        <UnitName Value="SUBMIT"/>
        <WindowIndex Value="0"/>
        <TopLine Value="1"/>
        <CursorPos X="10" Y="26"/>
        <UsageCount Value="11"/>
      </Unit40>
      <Unit41>
        <Filename Value="..\..\source\widestringslcl.pas"/>
        <UnitName Value="WideStringsLcl"/>
        <WindowIndex Value="0"/>
        <TopLine Value="281"/>
        <CursorPos X="31" Y="304"/>
        <UsageCount Value="11"/>
      </Unit41>
      <Unit42>
        <Filename Value="..\..\source\StyleUn.pas"/>
        <UnitName Value="StyleUn"/>
        <WindowIndex Value="0"/>
        <TopLine Value="2571"/>
        <CursorPos X="41" Y="2604"/>
        <UsageCount Value="13"/>
      </Unit42>
      <Unit43>
        <Filename Value="..\..\source\htmlgif1.pas"/>
        <UnitName Value="HtmlGif1"/>
        <EditorIndex Value="1"/>
        <WindowIndex Value="0"/>
        <TopLine Value="2063"/>
        <CursorPos X="3" Y="1955"/>
        <UsageCount Value="13"/>
        <Loaded Value="True"/>
      </Unit43>
      <Unit44>
        <Filename Value="C:\FPC\2.4.2\source\rtl\inc\systemh.inc"/>
        <WindowIndex Value="0"/>
        <TopLine Value="289"/>
        <CursorPos X="3" Y="322"/>
        <UsageCount Value="9"/>
      </Unit44>
      <Unit45>
        <Filename Value="..\..\source\HtmlBuffer.pas"/>
        <UnitName Value="HtmlBuffer"/>
        <WindowIndex Value="0"/>
        <TopLine Value="36"/>
        <CursorPos X="23" Y="69"/>
        <UsageCount Value="9"/>
      </Unit45>
      <Unit46>
        <Filename Value="..\..\source\ReadHTML.pas"/>
        <UnitName Value="ReadHTML"/>
        <EditorIndex Value="15"/>
        <WindowIndex Value="0"/>
        <TopLine Value="219"/>
        <CursorPos X="1" Y="251"/>
        <UsageCount Value="16"/>
        <Loaded Value="True"/>
      </Unit46>
      <Unit47>
        <Filename Value="D:\source\pascal\lazarus\lcl\lcltype.pp"/>
        <UnitName Value="LCLType"/>
        <WindowIndex Value="0"/>
        <TopLine Value="104"/>
        <CursorPos X="23" Y="137"/>
        <UsageCount Value="14"/>
      </Unit47>
      <Unit48>
        <Filename Value="..\..\source\GDIPL2A.pas"/>
        <UnitName Value="GDIPL2A"/>
        <EditorIndex Value="10"/>
        <WindowIndex Value="0"/>
        <TopLine Value="38"/>
        <CursorPos X="17" Y="71"/>
        <UsageCount Value="13"/>
        <Loaded Value="True"/>
      </Unit48>
      <Unit49>
        <Filename Value="..\..\source\FramBrwz.pas"/>
        <UnitName Value="FramBrwz"/>
        <WindowIndex Value="0"/>
        <TopLine Value="1"/>
        <CursorPos X="49" Y="45"/>
        <UsageCount Value="10"/>
      </Unit49>
      <Unit50>
        <Filename Value="D:\source\pascal\lazarus\lcl\include\rasterimage.inc"/>
        <EditorIndex Value="12"/>
        <WindowIndex Value="0"/>
        <TopLine Value="108"/>
        <CursorPos X="1" Y="141"/>
        <UsageCount Value="11"/>
        <Loaded Value="True"/>
      </Unit50>
      <Unit51>
        <Filename Value="D:\source\pascal\lazarus\lcl\include\winapi.inc"/>
        <EditorIndex Value="11"/>
        <WindowIndex Value="0"/>
        <TopLine Value="948"/>
        <CursorPos X="1" Y="983"/>
        <UsageCount Value="13"/>
        <Loaded Value="True"/>
      </Unit51>
      <Unit52>
        <Filename Value="D:\source\pascal\lazarus\lcl\include\customcontrol.inc"/>
        <WindowIndex Value="0"/>
        <TopLine Value="72"/>
        <CursorPos X="3" Y="128"/>
        <UsageCount Value="12"/>
      </Unit52>
      <Unit53>
        <Filename Value="D:\source\pascal\lazarus\lcl\controls.pp"/>
        <UnitName Value="Controls"/>
        <WindowIndex Value="0"/>
        <TopLine Value="934"/>
        <CursorPos X="14" Y="967"/>
        <UsageCount Value="13"/>
      </Unit53>
      <Unit54>
        <Filename Value="C:\FPC\2.4.2\source\packages\fcl-image\src\fpcanvas.pp"/>
        <UnitName Value="FPCanvas"/>
        <WindowIndex Value="0"/>
        <TopLine Value="264"/>
        <CursorPos X="44" Y="302"/>
        <UsageCount Value="11"/>
      </Unit54>
      <Unit55>
        <Filename Value="C:\FPC\2.4.2\source\packages\fcl-image\src\fpcanvas.inc"/>
        <WindowIndex Value="0"/>
        <TopLine Value="286"/>
        <CursorPos X="10" Y="288"/>
        <UsageCount Value="11"/>
      </Unit55>
      <Unit56>
        <Filename Value="C:\FPC\2.4.2\source\rtl\inc\objpash.inc"/>
        <WindowIndex Value="0"/>
        <TopLine Value="161"/>
        <CursorPos X="21" Y="194"/>
        <UsageCount Value="10"/>
      </Unit56>
      <Unit57>
        <Filename Value="C:\FPC\2.4.2\source\rtl\inc\objpas.inc"/>
        <WindowIndex Value="0"/>
        <TopLine Value="160"/>
        <CursorPos X="12" Y="163"/>
        <UsageCount Value="10"/>
      </Unit57>
      <Unit58>
        <Filename Value="D:\source\pascal\lazarus\lcl\extctrls.pp"/>
        <UnitName Value="ExtCtrls"/>
        <WindowIndex Value="0"/>
        <TopLine Value="1"/>
        <CursorPos X="1" Y="1"/>
        <UsageCount Value="12"/>
      </Unit58>
      <Unit59>
        <Filename Value="D:\source\pascal\htmlport\package\htmlsubs.pas"/>
        <UnitName Value="htmlsubs"/>
        <WindowIndex Value="0"/>
        <TopLine Value="9912"/>
        <CursorPos X="6" Y="9935"/>
        <UsageCount Value="10"/>
      </Unit59>
      <Unit60>
        <Filename Value="C:\FPC\2.4.2\source\rtl\objpas\types.pp"/>
        <UnitName Value="types"/>
        <WindowIndex Value="0"/>
        <TopLine Value="397"/>
        <CursorPos X="3" Y="434"/>
        <UsageCount Value="13"/>
      </Unit60>
      <Unit61>
        <Filename Value="D:\source\pascal\lazarus\lcl\include\customcombobox.inc"/>
        <WindowIndex Value="0"/>
        <TopLine Value="893"/>
        <CursorPos X="1" Y="930"/>
        <UsageCount Value="13"/>
      </Unit61>
      <Unit62>
        <Filename Value="D:\source\pascal\lazarus\lcl\interfaces\win32\win32listsl.inc"/>
        <WindowIndex Value="0"/>
        <TopLine Value="137"/>
        <CursorPos X="1" Y="195"/>
        <UsageCount Value="13"/>
      </Unit62>
      <Unit63>
        <Filename Value="D:\Downloads\Software (Developer)\HtmlViewer-TestCases\issue-52\Border-Collapse.html"/>
        <WindowIndex Value="0"/>
        <TopLine Value="1"/>
        <CursorPos X="30" Y="8"/>
        <UsageCount Value="12"/>
        <DefaultSyntaxHighlighter Value="HTML"/>
      </Unit63>
      <Unit64>
        <Filename Value="D:\source\pascal\lazarus\lcl\include\brush.inc"/>
        <WindowIndex Value="0"/>
        <TopLine Value="124"/>
        <CursorPos X="1" Y="158"/>
        <UsageCount Value="12"/>
      </Unit64>
      <Unit65>
        <Filename Value="D:\source\pascal\lazarus\lcl\include\intfbasewinapi.inc"/>
        <WindowIndex Value="0"/>
        <TopLine Value="1598"/>
        <CursorPos X="26" Y="1621"/>
        <UsageCount Value="12"/>
      </Unit65>
      <Unit66>
        <Filename Value="D:\source\pascal\lazarus\lcl\interfaces\win32\win32winapi.inc"/>
        <EditorIndex Value="4"/>
        <WindowIndex Value="0"/>
        <TopLine Value="3410"/>
        <CursorPos X="1" Y="3443"/>
        <UsageCount Value="12"/>
        <Loaded Value="True"/>
      </Unit66>
      <Unit67>
        <Filename Value="D:\source\pascal\lazarus\lcl\interfaces\win32\win32winapih.inc"/>
        <EditorIndex Value="13"/>
        <WindowIndex Value="0"/>
        <TopLine Value="175"/>
        <CursorPos X="20" Y="225"/>
        <UsageCount Value="10"/>
        <Loaded Value="True"/>
      </Unit67>
      <Unit68>
        <Filename Value="C:\FPC\2.4.2\source\rtl\win\wininc\base.inc"/>
        <WindowIndex Value="0"/>
        <TopLine Value="22"/>
        <CursorPos X="6" Y="55"/>
        <UsageCount Value="11"/>
      </Unit68>
      <Unit69>
        <Filename Value="D:\source\pascal\lazarus\examples\notebku.pp"/>
        <UnitName Value="notebku"/>
        <WindowIndex Value="0"/>
        <TopLine Value="35"/>
        <CursorPos X="22" Y="35"/>
        <UsageCount Value="11"/>
      </Unit69>
      <Unit70>
        <Filename Value="D:\source\pascal\lazarus\lcl\lclintf.pas"/>
        <UnitName Value="LCLIntf"/>
        <WindowIndex Value="0"/>
        <TopLine Value="36"/>
        <CursorPos X="21" Y="52"/>
        <UsageCount Value="10"/>
      </Unit70>
      <Unit71>
        <Filename Value="C:\FPC\2.4.2\source\rtl\win32\windows.pp"/>
        <UnitName Value="windows"/>
        <WindowIndex Value="0"/>
        <TopLine Value="2"/>
        <CursorPos X="5" Y="45"/>
        <UsageCount Value="10"/>
      </Unit71>
      <Unit72>
        <Filename Value="D:\source\pascal\lazarus\lcl\interfaces\win32\win32proc.pp"/>
        <UnitName Value="win32proc"/>
        <EditorIndex Value="5"/>
        <WindowIndex Value="0"/>
        <TopLine Value="1363"/>
        <CursorPos X="1" Y="1398"/>
        <UsageCount Value="10"/>
        <Loaded Value="True"/>
      </Unit72>
    </Units>
    <JumpHistory Count="30" HistoryIndex="29">
      <Position1>
        <Filename Value="..\..\source\HTMLUn2.pas"/>
        <Caret Line="3904" Column="1" TopLine="3866"/>
      </Position1>
      <Position2>
        <Filename Value="..\..\source\HTMLUn2.pas"/>
        <Caret Line="3899" Column="12" TopLine="3866"/>
      </Position2>
      <Position3>
        <Filename Value="..\..\source\GDIPL2A.pas"/>
        <Caret Line="71" Column="17" TopLine="38"/>
      </Position3>
      <Position4>
        <Filename Value="..\..\source\HTMLSubs.pas"/>
        <Caret Line="2303" Column="1" TopLine="2270"/>
      </Position4>
      <Position5>
        <Filename Value="..\..\source\HTMLSubs.pas"/>
        <Caret Line="2476" Column="1" TopLine="2443"/>
      </Position5>
      <Position6>
        <Filename Value="..\..\source\HTMLSubs.pas"/>
        <Caret Line="2248" Column="1" TopLine="2215"/>
      </Position6>
      <Position7>
        <Filename Value="..\..\source\HTMLSubs.pas"/>
        <Caret Line="2221" Column="1" TopLine="2213"/>
      </Position7>
      <Position8>
        <Filename Value="..\..\source\HTMLSubs.pas"/>
        <Caret Line="2248" Column="1" TopLine="2213"/>
      </Position8>
      <Position9>
        <Filename Value="..\..\source\HtmlGlobals.pas"/>
        <Caret Line="623" Column="1" TopLine="564"/>
      </Position9>
      <Position10>
        <Filename Value="..\..\source\HtmlGlobals.pas"/>
        <Caret Line="288" Column="17" TopLine="255"/>
      </Position10>
      <Position11>
        <Filename Value="..\..\source\ReadHTML.pas"/>
        <Caret Line="4541" Column="55" TopLine="4489"/>
      </Position11>
      <Position12>
        <Filename Value="..\..\source\ReadHTML.pas"/>
        <Caret Line="252" Column="5" TopLine="219"/>
      </Position12>
      <Position13>
        <Filename Value="FDemUnit.pas"/>
        <Caret Line="917" Column="100" TopLine="895"/>
      </Position13>
      <Position14>
        <Filename Value="FDemUnit.pas"/>
        <Caret Line="1" Column="1" TopLine="1"/>
      </Position14>
      <Position15>
        <Filename Value="..\..\source\htmlmisc.pas"/>
        <Caret Line="448" Column="41" TopLine="433"/>
      </Position15>
      <Position16>
        <Filename Value="..\..\source\HTMLSubs.pas"/>
        <Caret Line="2221" Column="1" TopLine="2195"/>
      </Position16>
      <Position17>
        <Filename Value="..\..\source\HTMLUn2.pas"/>
        <Caret Line="3899" Column="12" TopLine="3866"/>
      </Position17>
      <Position18>
        <Filename Value="..\..\source\HTMLUn2.pas"/>
        <Caret Line="1011" Column="5" TopLine="978"/>
      </Position18>
      <Position19>
        <Filename Value="..\..\source\HTMLUn2.pas"/>
        <Caret Line="1041" Column="7" TopLine="1000"/>
      </Position19>
      <Position20>
        <Filename Value="..\..\source\HTMLUn2.pas"/>
        <Caret Line="3782" Column="7" TopLine="3743"/>
      </Position20>
      <Position21>
        <Filename Value="..\..\source\HTMLSubs.pas"/>
        <Caret Line="7862" Column="1" TopLine="7829"/>
      </Position21>
      <Position22>
        <Filename Value="D:\source\pascal\lazarus\lcl\include\canvas.inc"/>
        <Caret Line="1469" Column="1" TopLine="1436"/>
      </Position22>
      <Position23>
        <Filename Value="D:\source\pascal\lazarus\lcl\include\canvas.inc"/>
        <Caret Line="1470" Column="1" TopLine="1436"/>
      </Position23>
      <Position24>
        <Filename Value="D:\source\pascal\lazarus\lcl\include\canvas.inc"/>
        <Caret Line="1471" Column="1" TopLine="1436"/>
      </Position24>
      <Position25>
        <Filename Value="..\..\source\htmlmisc.pas"/>
        <Caret Line="872" Column="1" TopLine="848"/>
      </Position25>
      <Position26>
        <Filename Value="..\..\source\htmlmisc.pas"/>
        <Caret Line="878" Column="1" TopLine="848"/>
      </Position26>
      <Position27>
        <Filename Value="..\..\source\HTMLSubs.pas"/>
        <Caret Line="7863" Column="1" TopLine="7829"/>
      </Position27>
      <Position28>
        <Filename Value="..\..\source\HTMLSubs.pas"/>
        <Caret Line="7882" Column="28" TopLine="7859"/>
      </Position28>
      <Position29>
        <Filename Value="..\..\source\HtmlGlobals.pas"/>
        <Caret Line="288" Column="20" TopLine="255"/>
      </Position29>
      <Position30>
        <Filename Value="..\..\source\HtmlGlobals.pas"/>
        <Caret Line="230" Column="9" TopLine="197"/>
      </Position30>
    </JumpHistory>
  </ProjectOptions>
  <CompilerOptions>
    <Version Value="9"/>
    <PathDelim Value="\"/>
    <Target>
      <Filename Value="bin\$(TargetCPU)-$(TargetOS)\FrameDemLaz"/>
    </Target>
    <SearchPaths>
      <IncludeFiles Value="$(ProjOutDir)"/>
      <OtherUnitFiles Value="..\..\source"/>
      <UnitOutputDirectory Value="lib\$(TargetCPU)-$(TargetOS)"/>
    </SearchPaths>
    <Linking>
      <Options>
        <Win32>
          <GraphicApplication Value="True"/>
        </Win32>
      </Options>
    </Linking>
    <Other>
      <CompilerMessages>
        <IgnoredMessages idx5024="True" idx5057="True"/>
        <UseMsgFile Value="True"/>
      </CompilerMessages>
      <CompilerPath Value="$(CompPath)"/>
    </Other>
  </CompilerOptions>
  <Debugging>
    <BreakPoints Count="13">
      <Item1>
        <Source Value="D:\source\pascal\lazarus\lcl\lresources.pp"/>
        <Line Value="1463"/>
      </Item1>
      <Item2>
        <Source Value="D:\source\pascal\lazarus\lcl\include\canvas.inc"/>
        <Line Value="1572"/>
      </Item2>
      <Item3>
        <Source Value="..\..\source\vwPrint.pas"/>
        <Line Value="316"/>
      </Item3>
      <Item4>
        <Source Value="..\..\source\vwPrint.pas"/>
        <Line Value="134"/>
      </Item4>
      <Item5>
        <Source Value="..\..\source\GDIPL2A.pas"/>
        <Line Value="255"/>
      </Item5>
      <Item6>
        <Source Value="..\..\source\GDIPL2A.pas"/>
        <Line Value="263"/>
      </Item6>
      <Item7>
        <Source Value="..\..\source\GDIPL2A.pas"/>
        <Line Value="271"/>
      </Item7>
      <Item8>
        <Source Value="..\..\source\GDIPL2A.pas"/>
        <Line Value="218"/>
      </Item8>
      <Item9>
        <Source Value="..\..\source\Htmlsbs1.pas"/>
        <Line Value="282"/>
      </Item9>
      <Item10>
        <Source Value="D:\source\pascal\lazarus\lcl\interfaces\win32\win32winapi.inc"/>
        <Line Value="2505"/>
      </Item10>
      <Item11>
        <Source Value="..\..\source\HTMLUn2.pas"/>
        <Line Value="1011"/>
      </Item11>
      <Item12>
        <Source Value="..\..\source\HTMLUn2.pas"/>
        <Line Value="1041"/>
      </Item12>
      <Item13>
        <Source Value="..\..\source\HTMLUn2.pas"/>
        <Line Value="3782"/>
      </Item13>
    </BreakPoints>
    <Exceptions Count="3">
      <Item1>
        <Name Value="EAbort"/>
      </Item1>
      <Item2>
        <Name Value="ECodetoolError"/>
      </Item2>
      <Item3>
        <Name Value="EFOpenError"/>
      </Item3>
    </Exceptions>
  </Debugging>
</CONFIG>
