<?xml version="1.0" encoding="UTF-8"?>
<CONFIG>
  <ProjectOptions>
    <Version Value="12"/>
    <PathDelim Value="\"/>
    <General>
      <Flags>
        <CompatibilityMode Value="True"/>
      </Flags>
      <ResourceType Value="res"/>
      <UseXPManifest Value="True"/>
      <XPManifest>
        <DpiAware Value="True/PM_V2"/>
      </XPManifest>
    </General>
    <i18n>
      <EnableI18N LFM="False"/>
    </i18n>
    <VersionInfo>
      <UseVersionInfo Value="True"/>
      <MajorVersionNr Value="11"/>
      <MinorVersionNr Value="5"/>
    </VersionInfo>
    <BuildModes Count="1" Active="Default">
      <Item1 Name="Default" Default="True"/>
    </BuildModes>
    <PublishOptions>
      <Version Value="2"/>
    </PublishOptions>
    <RunParams>
      <FormatVersion Value="2"/>
      <Modes Count="1">
        <Mode0 Name="default"/>
      </Modes>
    </RunParams>
    <RequiredPackages Count="3">
      <Item1>
        <PackageName Value="Printer4Lazarus"/>
      </Item1>
      <Item2>
        <PackageName Value="FrameViewer09"/>
        <MinVersion Valid="True"/>
      </Item2>
      <Item3>
        <PackageName Value="LCL"/>
      </Item3>
    </RequiredPackages>
    <Units Count="79">
      <Unit0>
        <Filename Value="FrameDemLaz.lpr"/>
        <IsPartOfProject Value="True"/>
        <EditorIndex Value="4"/>
        <TopLine Value="10"/>
        <CursorPos X="26" Y="28"/>
        <UsageCount Value="207"/>
        <Loaded Value="True"/>
      </Unit0>
      <Unit1>
        <Filename Value="FDemUnit.pas"/>
        <IsPartOfProject Value="True"/>
        <ComponentName Value="Form1"/>
        <HasResources Value="True"/>
        <ResourceBaseClass Value="Form"/>
        <EditorIndex Value="1"/>
        <TopLine Value="897"/>
        <CursorPos Y="927"/>
        <UsageCount Value="206"/>
        <Loaded Value="True"/>
        <LoadedDesigner Value="True"/>
      </Unit1>
      <Unit2>
        <Filename Value="..\..\source\HtmlUn2.pas"/>
        <UnitName Value="HTMLUn2"/>
        <EditorIndex Value="8"/>
        <TopLine Value="3120"/>
        <CursorPos Y="3128"/>
        <UsageCount Value="102"/>
        <Loaded Value="True"/>
        <DefaultSyntaxHighlighter Value="Delphi"/>
      </Unit2>
      <Unit3>
        <Filename Value="..\..\source\HTMLSubs.pas"/>
        <TopLine Value="71"/>
        <CursorPos X="32" Y="75"/>
        <UsageCount Value="100"/>
        <Loaded Value="True"/>
        <DefaultSyntaxHighlighter Value="Delphi"/>
      </Unit3>
      <Unit4>
        <Filename Value="..\..\source\FramView.pas"/>
        <EditorIndex Value="10"/>
        <TopLine Value="79"/>
        <CursorPos X="20" Y="115"/>
        <UsageCount Value="104"/>
        <Loaded Value="True"/>
        <DefaultSyntaxHighlighter Value="Delphi"/>
      </Unit4>
      <Unit5>
        <Filename Value="..\..\source\htmlcons.inc"/>
        <EditorIndex Value="6"/>
        <UsageCount Value="31"/>
        <Loaded Value="True"/>
        <DefaultSyntaxHighlighter Value="Delphi"/>
      </Unit5>
      <Unit6>
        <Filename Value="..\..\source\DitherUnit.pas"/>
        <TopLine Value="799"/>
        <CursorPos X="3" Y="827"/>
        <UsageCount Value="23"/>
      </Unit6>
      <Unit7>
        <Filename Value="..\..\source\HTMLGif2.pas"/>
        <TopLine Value="19"/>
        <CursorPos X="21" Y="39"/>
        <UsageCount Value="15"/>
      </Unit7>
      <Unit8>
        <Filename Value="..\..\source\MetaFilePrinter.pas"/>
        <EditorIndex Value="-1"/>
        <WindowIndex Value="-1"/>
        <TopLine Value="31"/>
        <CursorPos X="31" Y="63"/>
        <UsageCount Value="26"/>
      </Unit8>
      <Unit9>
        <Filename Value="..\..\source\htmlview.pas"/>
        <UnitName Value="HtmlView"/>
        <IsVisibleTab Value="True"/>
        <EditorIndex Value="3"/>
        <TopLine Value="2966"/>
        <CursorPos Y="2982"/>
        <UsageCount Value="117"/>
        <Bookmarks Count="3">
          <Item0 Y="3184" ID="8"/>
          <Item1 Y="1934" ID="2"/>
          <Item2 X="3" Y="1140" ID="1"/>
        </Bookmarks>
        <Loaded Value="True"/>
        <DefaultSyntaxHighlighter Value="Delphi"/>
      </Unit9>
      <Unit10>
        <Filename Value="D:\source\pascal\lazarus\lcl\include\canvas.inc"/>
        <TopLine Value="1436"/>
        <CursorPos Y="1471"/>
        <UsageCount Value="10"/>
      </Unit10>
      <Unit11>
        <Filename Value="..\..\source\vwPrint.pas"/>
        <TopLine Value="301"/>
        <CursorPos X="38" Y="301"/>
        <UsageCount Value="51"/>
      </Unit11>
      <Unit12>
        <Filename Value="..\..\source\HtmlGlobals.pas"/>
        <EditorIndex Value="-1"/>
        <UsageCount Value="53"/>
      </Unit12>
      <Unit13>
        <Filename Value="..\..\source\Htmlsbs1.pas"/>
        <TopLine Value="69"/>
        <CursorPos X="14" Y="97"/>
        <UsageCount Value="25"/>
      </Unit13>
      <Unit14>
        <Filename Value="..\..\source\widestringslcl.pas"/>
        <UnitName Value="WideStringsLcl"/>
        <EditorIndex Value="-1"/>
        <TopLine Value="516"/>
        <CursorPos X="35" Y="291"/>
        <UsageCount Value="26"/>
      </Unit14>
      <Unit15>
        <Filename Value="..\..\source\StyleUn.pas"/>
        <EditorIndex Value="2"/>
        <TopLine Value="2771"/>
        <CursorPos Y="2789"/>
        <UsageCount Value="91"/>
        <Loaded Value="True"/>
        <DefaultSyntaxHighlighter Value="Delphi"/>
      </Unit15>
      <Unit16>
        <Filename Value="..\..\source\htmlgif1.pas"/>
        <UnitName Value="HtmlGif1"/>
        <TopLine Value="2177"/>
        <CursorPos Y="2226"/>
        <UsageCount Value="45"/>
      </Unit16>
      <Unit17>
        <Filename Value="..\..\source\HtmlBuffer.pas"/>
        <EditorIndex Value="7"/>
        <TopLine Value="1237"/>
        <CursorPos X="63" Y="1251"/>
        <UsageCount Value="57"/>
        <Loaded Value="True"/>
        <DefaultSyntaxHighlighter Value="Delphi"/>
      </Unit17>
      <Unit18>
        <Filename Value="..\..\source\ReadHTML.pas"/>
        <EditorIndex Value="-1"/>
        <TopLine Value="4751"/>
        <CursorPos Y="4771"/>
        <UsageCount Value="84"/>
        <DefaultSyntaxHighlighter Value="Delphi"/>
      </Unit18>
      <Unit19>
        <Filename Value="..\..\source\GDIPL2A.pas"/>
        <EditorIndex Value="-1"/>
        <WindowIndex Value="1"/>
        <TopLine Value="62"/>
        <CursorPos X="32" Y="75"/>
        <UsageCount Value="56"/>
      </Unit19>
      <Unit20>
        <Filename Value="D:\source\pascal\lazarus\lcl\include\rasterimage.inc"/>
        <TopLine Value="652"/>
        <CursorPos X="13" Y="656"/>
        <UsageCount Value="7"/>
      </Unit20>
      <Unit21>
        <Filename Value="D:\source\pascal\lazarus\lcl\include\winapi.inc"/>
        <TopLine Value="848"/>
        <CursorPos Y="882"/>
        <UsageCount Value="10"/>
      </Unit21>
      <Unit22>
        <Filename Value="D:\source\pascal\lazarus\lcl\interfaces\win32\win32winapi.inc"/>
        <TopLine Value="2913"/>
        <CursorPos Y="2948"/>
        <UsageCount Value="9"/>
      </Unit22>
      <Unit23>
        <Filename Value="D:\source\pascal\lazarus\lcl\interfaces\win32\win32winapih.inc"/>
        <TopLine Value="175"/>
        <CursorPos X="10" Y="227"/>
        <UsageCount Value="3"/>
      </Unit23>
      <Unit24>
        <Filename Value="bin\i386-win32\pengbrew-pyramids.html"/>
        <CursorPos X="16" Y="26"/>
        <UsageCount Value="8"/>
        <DefaultSyntaxHighlighter Value="HTML"/>
      </Unit24>
      <Unit25>
        <Filename Value="..\..\source\StylePars.pas"/>
        <EditorIndex Value="-1"/>
        <TopLine Value="398"/>
        <CursorPos Y="398"/>
        <UsageCount Value="37"/>
        <DefaultSyntaxHighlighter Value="Delphi"/>
      </Unit25>
      <Unit26>
        <Filename Value="C:\lazarus\lcl\graphics.pp"/>
        <UnitName Value="Graphics"/>
        <TopLine Value="1249"/>
        <CursorPos X="15" Y="1277"/>
        <UsageCount Value="22"/>
      </Unit26>
      <Unit27>
        <Filename Value="C:\lazarus\lcl\include\rasterimage.inc"/>
        <TopLine Value="694"/>
        <CursorPos X="3" Y="696"/>
        <UsageCount Value="22"/>
      </Unit27>
      <Unit28>
        <Filename Value="PrintStatusForm.pas"/>
        <ComponentName Value="PrnStatusForm"/>
        <HasResources Value="True"/>
        <ResourceBaseClass Value="Form"/>
        <TopLine Value="6"/>
        <CursorPos X="11" Y="34"/>
        <UsageCount Value="9"/>
      </Unit28>
      <Unit29>
        <Filename Value="C:\lazarus\lcl\printers.pas"/>
        <UnitName Value="Printers"/>
        <TopLine Value="179"/>
        <CursorPos X="22" Y="181"/>
        <UsageCount Value="1"/>
      </Unit29>
      <Unit30>
        <Filename Value="PreviewForm.pas"/>
        <ComponentName Value="PreviewForm"/>
        <HasResources Value="True"/>
        <ResourceBaseClass Value="Form"/>
        <TopLine Value="486"/>
        <CursorPos X="12" Y="489"/>
        <UsageCount Value="4"/>
      </Unit30>
      <Unit31>
        <Filename Value="C:\lazarus\components\printers\win32\winprndialogs.inc"/>
        <TopLine Value="228"/>
        <CursorPos X="47" Y="237"/>
        <UsageCount Value="1"/>
      </Unit31>
      <Unit32>
        <Filename Value="C:\lazarus.1.1\fpc\2.6.1\source\rtl\objpas\math.pp"/>
        <EditorIndex Value="9"/>
        <WindowIndex Value="1"/>
        <TopLine Value="110"/>
        <CursorPos X="10" Y="138"/>
        <UsageCount Value="26"/>
      </Unit32>
      <Unit33>
        <Filename Value="..\..\source\FrameViewerReg.pas"/>
        <EditorIndex Value="3"/>
        <WindowIndex Value="1"/>
        <TopLine Value="11"/>
        <CursorPos X="86" Y="20"/>
        <UsageCount Value="26"/>
      </Unit33>
      <Unit34>
        <Filename Value="..\..\source\BegaScrollBox.pas"/>
        <TopLine Value="689"/>
        <CursorPos X="7" Y="690"/>
        <UsageCount Value="25"/>
      </Unit34>
      <Unit35>
        <Filename Value="..\..\source\BegaHtmlPrintPreviewForm.pas"/>
        <CursorPos X="62" Y="33"/>
        <UsageCount Value="24"/>
      </Unit35>
      <Unit36>
        <Filename Value="..\..\source\HtmlImages.pas"/>
        <EditorIndex Value="-1"/>
        <WindowIndex Value="1"/>
        <TopLine Value="381"/>
        <CursorPos X="26" Y="413"/>
        <UsageCount Value="6"/>
      </Unit36>
      <Unit37>
        <Filename Value="..\..\source\URLSubs.pas"/>
        <EditorIndex Value="-1"/>
        <TopLine Value="648"/>
        <CursorPos X="3" Y="690"/>
        <UsageCount Value="6"/>
      </Unit37>
      <Unit38>
        <Filename Value="c:\lazarus.1.6\lcl\clipbrd.pp"/>
        <UnitName Value="Clipbrd"/>
        <EditorIndex Value="-1"/>
        <WindowIndex Value="1"/>
        <TopLine Value="198"/>
        <CursorPos Y="252"/>
        <UsageCount Value="40"/>
      </Unit38>
      <Unit39>
        <Filename Value="c:\lazarus.1.6\lcl\include\clipbrd.inc"/>
        <EditorIndex Value="-1"/>
        <WindowIndex Value="1"/>
        <TopLine Value="97"/>
        <CursorPos Y="129"/>
        <UsageCount Value="40"/>
      </Unit39>
      <Unit40>
        <Filename Value="c:\lazarus.1.6\lcl\lcltype.pp"/>
        <UnitName Value="LCLType"/>
        <EditorIndex Value="-1"/>
        <WindowIndex Value="1"/>
        <TopLine Value="2648"/>
        <CursorPos X="3" Y="2679"/>
        <UsageCount Value="37"/>
      </Unit40>
      <Unit41>
        <Filename Value="C:\lazarus.1.6\lcl\include\lclintfh.inc"/>
        <WindowIndex Value="1"/>
        <TopLine Value="16"/>
        <CursorPos X="10" Y="47"/>
        <UsageCount Value="36"/>
      </Unit41>
      <Unit42>
        <Filename Value="c:\lazarus.1.6\lcl\include\lclintf.inc"/>
        <EditorIndex Value="-1"/>
        <WindowIndex Value="1"/>
        <TopLine Value="60"/>
        <CursorPos Y="91"/>
        <UsageCount Value="37"/>
      </Unit42>
      <Unit43>
        <Filename Value="c:\lazarus.1.6\lcl\interfaces\win32\win32winapi.inc"/>
        <EditorIndex Value="-1"/>
        <WindowIndex Value="1"/>
        <TopLine Value="577"/>
        <CursorPos Y="615"/>
        <UsageCount Value="37"/>
      </Unit43>
      <Unit44>
        <Filename Value="C:\lazarus.1.2\lcl\graphics.pp"/>
        <UnitName Value="Graphics"/>
        <WindowIndex Value="1"/>
        <TopLine Value="808"/>
        <CursorPos X="69" Y="821"/>
        <UsageCount Value="6"/>
      </Unit44>
      <Unit45>
        <Filename Value="C:\lazarus.1.2\lcl\lcltype.pp"/>
        <UnitName Value="LCLType"/>
        <WindowIndex Value="1"/>
        <TopLine Value="2641"/>
        <CursorPos X="3" Y="2673"/>
        <UsageCount Value="6"/>
      </Unit45>
      <Unit46>
        <Filename Value="c:\lazarus.1.6\lcl\dialogs.pp"/>
        <UnitName Value="Dialogs"/>
        <EditorIndex Value="-1"/>
        <TopLine Value="478"/>
        <CursorPos X="10" Y="509"/>
        <UsageCount Value="6"/>
      </Unit46>
      <Unit47>
        <Filename Value="c:\lazarus.1.6\lcl\include\messagedialogs.inc"/>
        <EditorIndex Value="-1"/>
        <TopLine Value="98"/>
        <CursorPos Y="130"/>
        <UsageCount Value="8"/>
      </Unit47>
      <Unit48>
        <Filename Value="c:\lazarus.1.6\fpc\3.0.0\source\rtl\win64\system.pp"/>
        <UnitName Value="System"/>
        <EditorIndex Value="-1"/>
        <CursorPos X="49" Y="7"/>
        <UsageCount Value="6"/>
      </Unit48>
      <Unit49>
        <Filename Value="c:\lazarus.1.6\fpc\3.0.0\source\rtl\objpas\types.pp"/>
        <UnitName Value="Types"/>
        <EditorIndex Value="-1"/>
        <UsageCount Value="6"/>
      </Unit49>
      <Unit50>
        <Filename Value="c:\lazarus.1.6\fpc\3.0.0\source\rtl\objpas\unicodedata.pas"/>
        <EditorIndex Value="-1"/>
        <TopLine Value="398"/>
        <CursorPos Y="399"/>
        <UsageCount Value="6"/>
      </Unit50>
      <Unit51>
        <Filename Value="c:\lazarus.1.6\fpc\3.0.0\source\rtl\objpas\fpwidestring.pp"/>
        <EditorIndex Value="-1"/>
        <UsageCount Value="6"/>
      </Unit51>
      <Unit52>
        <Filename Value="c:\lazarus.1.6\fpc\3.0.0\source\rtl\objpas\sysutils\sysuni.inc"/>
        <EditorIndex Value="-1"/>
        <TopLine Value="473"/>
        <CursorPos X="50" Y="18"/>
        <UsageCount Value="6"/>
      </Unit52>
      <Unit53>
        <Filename Value="c:\lazarus.1.6\fpc\3.0.0\source\rtl\objpas\classes\stringl.inc"/>
        <EditorIndex Value="-1"/>
        <TopLine Value="1643"/>
        <CursorPos X="13" Y="1646"/>
        <UsageCount Value="6"/>
      </Unit53>
      <Unit54>
        <Filename Value="c:\lazarus.1.6\fpc\3.0.0\source\rtl\objpas\sysutils\sysstrh.inc"/>
        <EditorIndex Value="-1"/>
        <CursorPos X="4" Y="27"/>
        <UsageCount Value="6"/>
      </Unit54>
      <Unit55>
        <Filename Value="Fontdlg.pas"/>
        <IsPartOfProject Value="True"/>
        <HasResources Value="True"/>
        <EditorIndex Value="-1"/>
        <WindowIndex Value="-1"/>
        <TopLine Value="-1"/>
        <CursorPos X="-1" Y="-1"/>
        <UsageCount Value="82"/>
      </Unit55>
      <Unit56>
        <Filename Value="Htmlabt.pas"/>
        <IsPartOfProject Value="True"/>
        <ComponentName Value="AboutBox"/>
        <HasResources Value="True"/>
        <ResourceBaseClass Value="Form"/>
        <EditorIndex Value="6"/>
        <TopLine Value="214"/>
        <CursorPos X="15" Y="235"/>
        <UsageCount Value="82"/>
        <Loaded Value="True"/>
        <LoadedDesigner Value="True"/>
      </Unit56>
      <Unit57>
        <Filename Value="ImgForm.pas"/>
        <IsPartOfProject Value="True"/>
        <HasResources Value="True"/>
        <EditorIndex Value="-1"/>
        <WindowIndex Value="-1"/>
        <TopLine Value="-1"/>
        <CursorPos X="-1" Y="-1"/>
        <UsageCount Value="82"/>
      </Unit57>
      <Unit58>
        <Filename Value="SUBMIT.PAS"/>
        <IsPartOfProject Value="True"/>
        <HasResources Value="True"/>
        <EditorIndex Value="-1"/>
        <WindowIndex Value="-1"/>
        <TopLine Value="-1"/>
        <CursorPos X="-1" Y="-1"/>
        <UsageCount Value="82"/>
      </Unit58>
      <Unit59>
        <Filename Value="C:\lazarus.2.2\lcl\include\wincontrol.inc"/>
        <EditorIndex Value="9"/>
        <TopLine Value="6100"/>
        <CursorPos Y="6123"/>
        <UsageCount Value="13"/>
        <Loaded Value="True"/>
      </Unit59>
      <Unit60>
        <Filename Value="C:\lazarus.2.2\lcl\controls.pp"/>
        <UnitName Value="Controls"/>
        <EditorIndex Value="11"/>
        <TopLine Value="1370"/>
        <CursorPos X="15" Y="1387"/>
        <UsageCount Value="29"/>
        <Loaded Value="True"/>
      </Unit60>
      <Unit61>
        <Filename Value="C:\lazarus.2.2\lcl\include\control.inc"/>
        <EditorIndex Value="-1"/>
        <TopLine Value="4504"/>
        <CursorPos Y="4531"/>
        <UsageCount Value="29"/>
      </Unit61>
      <Unit62>
        <Filename Value="..\..\source\unicodestringslcl.pas"/>
        <EditorIndex Value="-1"/>
        <TopLine Value="93"/>
        <CursorPos X="52" Y="117"/>
        <UsageCount Value="6"/>
      </Unit62>
      <Unit63>
        <Filename Value="..\..\source\BegaPreview.pas"/>
        <ComponentName Value="BegaCustomPreviewFrame"/>
        <HasResources Value="True"/>
        <ResourceBaseClass Value="Frame"/>
        <EditorIndex Value="-1"/>
        <TopLine Value="18"/>
        <CursorPos X="40" Y="35"/>
        <UsageCount Value="18"/>
        <DefaultSyntaxHighlighter Value="Delphi"/>
      </Unit63>
      <Unit64>
        <Filename Value="..\..\source\StyleTypes.pas"/>
        <EditorIndex Value="-1"/>
        <TopLine Value="564"/>
        <CursorPos X="65" Y="591"/>
        <UsageCount Value="11"/>
        <DefaultSyntaxHighlighter Value="Delphi"/>
      </Unit64>
      <Unit65>
        <Filename Value="..\..\..\Bega\BegaViewer\HighDPIInit.pas"/>
        <IsPartOfProject Value="True"/>
        <EditorIndex Value="-1"/>
        <CursorPos X="87" Y="10"/>
        <UsageCount Value="78"/>
      </Unit65>
      <Unit66>
        <Filename Value="C:\lazarus.2.2\fpc\3.2.2\source\rtl\inc\dynlibh.inc"/>
        <EditorIndex Value="-1"/>
        <TopLine Value="11"/>
        <CursorPos X="11" Y="62"/>
        <UsageCount Value="11"/>
      </Unit66>
      <Unit67>
        <Filename Value="C:\lazarus.2.2\lcl\forms.pp"/>
        <UnitName Value="Forms"/>
        <EditorIndex Value="-1"/>
        <TopLine Value="1650"/>
        <CursorPos X="14" Y="1666"/>
        <UsageCount Value="25"/>
      </Unit67>
      <Unit68>
        <Filename Value="..\..\source\HtmlFonts.pas"/>
        <EditorIndex Value="-1"/>
        <TopLine Value="162"/>
        <CursorPos Y="180"/>
        <UsageCount Value="23"/>
        <DefaultSyntaxHighlighter Value="Delphi"/>
      </Unit68>
      <Unit69>
        <Filename Value="C:\lazarus.2.2\lcl\include\canvas.inc"/>
        <EditorIndex Value="-1"/>
        <TopLine Value="295"/>
        <CursorPos Y="315"/>
        <UsageCount Value="16"/>
      </Unit69>
      <Unit70>
        <Filename Value="C:\lazarus.2.2\lcl\include\font.inc"/>
        <EditorIndex Value="-1"/>
        <TopLine Value="634"/>
        <CursorPos Y="658"/>
        <UsageCount Value="16"/>
      </Unit70>
      <Unit71>
        <Filename Value="C:\lazarus.2.2\lcl\graphics.pp"/>
        <UnitName Value="Graphics"/>
        <EditorIndex Value="-1"/>
        <TopLine Value="520"/>
        <CursorPos X="15" Y="537"/>
        <UsageCount Value="16"/>
      </Unit71>
      <Unit72>
        <Filename Value="C:\lazarus.2.2\lcl\include\customform.inc"/>
        <EditorIndex Value="-1"/>
        <TopLine Value="2272"/>
        <CursorPos X="54" Y="2290"/>
        <UsageCount Value="28"/>
      </Unit72>
      <Unit73>
        <Filename Value="C:\lazarus.2.2\fpc\3.2.2\source\rtl\win\wininc\messages.inc"/>
        <EditorIndex Value="-1"/>
        <TopLine Value="1156"/>
        <CursorPos X="6" Y="1174"/>
        <UsageCount Value="8"/>
      </Unit73>
      <Unit74>
        <Filename Value="C:\lazarus.2.2\lcl\extctrls.pp"/>
        <UnitName Value="ExtCtrls"/>
        <EditorIndex Value="-1"/>
        <TopLine Value="1050"/>
        <CursorPos X="3" Y="1065"/>
        <UsageCount Value="13"/>
      </Unit74>
      <Unit75>
        <Filename Value="FDemUnit.lfm"/>
        <EditorIndex Value="-1"/>
        <TopLine Value="203"/>
        <CursorPos X="40" Y="222"/>
        <ExtraEditorCount Value="1"/>
        <ExtraEditor1>
          <EditorIndex Value="-1"/>
        </ExtraEditor1>
        <UsageCount Value="12"/>
        <DefaultSyntaxHighlighter Value="LFM"/>
      </Unit75>
      <Unit76>
        <Filename Value="C:\lazarus.2.2\lcl\include\buttoncontrol.inc"/>
        <EditorIndex Value="-1"/>
        <TopLine Value="4"/>
        <CursorPos Y="22"/>
        <UsageCount Value="11"/>
      </Unit76>
      <Unit77>
        <Filename Value="C:\lazarus.2.2\lcl\include\buttons.inc"/>
        <EditorIndex Value="-1"/>
        <TopLine Value="152"/>
        <CursorPos Y="170"/>
        <UsageCount Value="11"/>
      </Unit77>
      <Unit78>
        <Filename Value="..\..\package\FrameViewer09.pas"/>
        <EditorIndex Value="5"/>
        <CursorPos X="60" Y="12"/>
        <UsageCount Value="10"/>
        <Loaded Value="True"/>
        <DefaultSyntaxHighlighter Value="Delphi"/>
      </Unit78>
    </Units>
    <JumpHistory Count="30" HistoryIndex="29">
      <Position1>
        <Filename Value="..\..\source\htmlview.pas"/>
        <Caret Line="546" Column="21" TopLine="512"/>
      </Position1>
      <Position2>
        <Filename Value="..\..\source\htmlview.pas"/>
        <Caret Line="5397" Column="3" TopLine="5390"/>
      </Position2>
      <Position3>
        <Filename Value="..\..\source\htmlview.pas"/>
        <Caret Line="409" Column="24" TopLine="374"/>
      </Position3>
      <Position4>
        <Filename Value="..\..\source\htmlview.pas"/>
        <Caret Line="3455" Column="34" TopLine="3445"/>
      </Position4>
      <Position5>
        <Filename Value="..\..\source\htmlview.pas"/>
        <Caret Line="1650" Column="44" TopLine="1629"/>
      </Position5>
      <Position6>
        <Filename Value="..\..\source\htmlview.pas"/>
        <Caret Line="391" Column="22" TopLine="357"/>
      </Position6>
      <Position7>
        <Filename Value="..\..\source\htmlview.pas"/>
        <Caret Line="1847" TopLine="1836"/>
      </Position7>
      <Position8>
        <Filename Value="..\..\source\htmlview.pas"/>
        <Caret Line="912" Column="59" TopLine="900"/>
      </Position8>
      <Position9>
        <Filename Value="..\..\source\htmlview.pas"/>
        <Caret Line="911" TopLine="893"/>
      </Position9>
      <Position10>
        <Filename Value="..\..\source\htmlview.pas"/>
        <Caret Line="1632" TopLine="1614"/>
      </Position10>
      <Position11>
        <Filename Value="..\..\source\htmlview.pas"/>
        <Caret Line="1838" TopLine="1823"/>
      </Position11>
      <Position12>
        <Filename Value="..\..\source\htmlview.pas"/>
        <Caret Line="1841" TopLine="1823"/>
      </Position12>
      <Position13>
        <Filename Value="..\..\source\htmlview.pas"/>
        <Caret Line="1632" TopLine="1615"/>
      </Position13>
      <Position14>
        <Filename Value="..\..\source\htmlview.pas"/>
        <Caret Line="1826" TopLine="1808"/>
      </Position14>
      <Position15>
        <Filename Value="..\..\source\htmlview.pas"/>
        <Caret Line="1842" TopLine="1812"/>
      </Position15>
      <Position16>
        <Filename Value="..\..\source\htmlview.pas"/>
        <Caret Line="1838" TopLine="1812"/>
      </Position16>
      <Position17>
        <Filename Value="..\..\source\htmlview.pas"/>
        <Caret Line="1841" TopLine="1812"/>
      </Position17>
      <Position18>
        <Filename Value="..\..\source\htmlview.pas"/>
        <Caret Line="1632" TopLine="1615"/>
      </Position18>
      <Position19>
        <Filename Value="..\..\source\htmlview.pas"/>
        <Caret Line="1838" TopLine="1819"/>
      </Position19>
      <Position20>
        <Filename Value="..\..\source\htmlview.pas"/>
        <Caret Line="1841" TopLine="1819"/>
      </Position20>
      <Position21>
        <Filename Value="..\..\source\htmlview.pas"/>
        <Caret Line="1632" TopLine="1615"/>
      </Position21>
      <Position22>
        <Filename Value="..\..\source\htmlview.pas"/>
        <Caret Line="1838" TopLine="1819"/>
      </Position22>
      <Position23>
        <Filename Value="..\..\source\htmlview.pas"/>
        <Caret Line="1632" TopLine="1615"/>
      </Position23>
      <Position24>
        <Filename Value="..\..\source\htmlview.pas"/>
        <Caret Line="1838" TopLine="1819"/>
      </Position24>
      <Position25>
        <Filename Value="..\..\source\htmlview.pas"/>
        <Caret Line="1636" Column="21" TopLine="1615"/>
      </Position25>
      <Position26>
        <Filename Value="..\..\source\htmlview.pas"/>
        <Caret Line="1615" Column="44" TopLine="1596"/>
      </Position26>
      <Position27>
        <Filename Value="..\..\source\htmlview.pas"/>
        <Caret Line="912" Column="34" TopLine="896"/>
      </Position27>
      <Position28>
        <Filename Value="Htmlabt.pas"/>
        <Caret Line="65" Column="15" TopLine="46"/>
      </Position28>
      <Position29>
        <Filename Value="Htmlabt.pas"/>
        <Caret Line="235" Column="15" TopLine="214"/>
      </Position29>
      <Position30>
        <Filename Value="..\..\package\FrameViewer09.pas"/>
        <Caret Line="12" Column="60"/>
      </Position30>
    </JumpHistory>
  </ProjectOptions>
  <CompilerOptions>
    <Version Value="11"/>
    <PathDelim Value="\"/>
    <Target>
      <Filename Value="bin\$(TargetCPU)-$(TargetOS)\FrameDemLaz"/>
    </Target>
    <SearchPaths>
      <IncludeFiles Value="$(ProjOutDir)"/>
      <OtherUnitFiles Value="..\..\source;..\..\..\Bega\BegaViewer"/>
      <UnitOutputDirectory Value="lib\$(TargetCPU)-$(TargetOS)"/>
    </SearchPaths>
    <Parsing>
      <SyntaxOptions>
        <SyntaxMode Value="Delphi"/>
      </SyntaxOptions>
    </Parsing>
    <Linking>
      <Debugging>
        <DebugInfoType Value="dsDwarf3"/>
      </Debugging>
      <Options>
        <Win32>
          <GraphicApplication Value="True"/>
        </Win32>
      </Options>
    </Linking>
    <Other>
      <CompilerMessages>
        <IgnoredMessages idx5057="True" idx5024="True"/>
      </CompilerMessages>
    </Other>
  </CompilerOptions>
  <Debugging>
    <BreakPoints Count="6">
      <Item1>
        <Kind Value="bpkSource"/>
        <WatchScope Value="wpsLocal"/>
        <WatchKind Value="wpkWrite"/>
        <Source Value="c:\lazarus.1.6\lcl\interfaces\win32\win32winapi.inc"/>
        <Line Value="615"/>
      </Item1>
      <Item2>
        <Kind Value="bpkSource"/>
        <WatchScope Value="wpsLocal"/>
        <WatchKind Value="wpkWrite"/>
        <Source Value="C:\lazarus.2.2\lcl\include\font.inc"/>
        <InitialEnabled Value="False"/>
        <Line Value="653"/>
      </Item2>
      <Item3>
        <Kind Value="bpkSource"/>
        <WatchScope Value="wpsLocal"/>
        <WatchKind Value="wpkWrite"/>
        <Source Value="C:\lazarus.2.2\lcl\include\customform.inc"/>
        <InitialEnabled Value="False"/>
        <Line Value="2282"/>
      </Item3>
      <Item4>
        <Kind Value="bpkSource"/>
        <WatchScope Value="wpsLocal"/>
        <WatchKind Value="wpkWrite"/>
        <Source Value="..\..\source\ReadHTML.pas"/>
        <InitialEnabled Value="False"/>
        <Line Value="4425"/>
      </Item4>
      <Item5>
        <Kind Value="bpkSource"/>
        <WatchScope Value="wpsLocal"/>
        <WatchKind Value="wpkWrite"/>
        <Source Value="..\..\source\FramView.pas"/>
        <Line Value="1760"/>
      </Item5>
      <Item6>
        <Kind Value="bpkSource"/>
        <WatchScope Value="wpsLocal"/>
        <WatchKind Value="wpkWrite"/>
        <Source Value="..\..\source\htmlview.pas"/>
        <Line Value="1839"/>
      </Item6>
    </BreakPoints>
    <Watches Count="13">
      <Item1>
        <Expression Value="TForm(Parent.Parent.Parent.Parent).PixelsPerInch"/>
      </Item1>
      <Item2>
        <Expression Value="Self.Name"/>
      </Item2>
      <Item3>
        <Expression Value="FParent.Name"/>
      </Item3>
      <Item4>
        <Expression Value="ParentColor"/>
      </Item4>
      <Item5>
        <Expression Value="Color"/>
        <DisplayStyle Value="wdfHex"/>
      </Item5>
      <Item6>
        <Expression Value="FInCMParentColorChanged"/>
      </Item6>
      <Item7>
        <Expression Value="OldColor"/>
        <DisplayStyle Value="wdfHex"/>
      </Item7>
      <Item8>
        <Expression Value="FParent.Color"/>
        <DisplayStyle Value="wdfHex"/>
      </Item8>
      <Item9>
        <Expression Value="FBackGround"/>
        <DisplayStyle Value="wdfHex"/>
      </Item9>
      <Item10>
        <Expression Value="FParent.FParent.Name"/>
      </Item10>
      <Item11>
        <Expression Value="FParent.FParent.FParent.Name"/>
      </Item11>
      <Item12>
        <Expression Value="lClassName"/>
      </Item12>
      <Item13>
        <Expression Value="FPaintPanel.Color"/>
        <DisplayStyle Value="wdfHex"/>
      </Item13>
    </Watches>
    <Exceptions Count="3">
      <Item1>
        <Name Value="EAbort"/>
      </Item1>
      <Item2>
        <Name Value="ECodetoolError"/>
      </Item2>
      <Item3>
        <Name Value="EFOpenError"/>
      </Item3>
    </Exceptions>
  </Debugging>
</CONFIG>
